
Microsoft Visual Studio Solution File, Format Version 12.00
# Visual Studio Version 17
VisualStudioVersion = 17.13.35931.197
MinimumVisualStudioVersion = 10.0.40219.1
Project("{FAE04EC0-301F-11D3-BF4B-00C04F79EFBC}") = "EasyTodo", "EasyTodo.csproj", "{849A013F-23C0-42F7-8A2D-7188C8C0FA1B}"
EndProject
Global
	GlobalSection(SolutionConfigurationPlatforms) = preSolution
		Debug|Any CPU = Debug|Any CPU
		Release|Any CPU = Release|Any CPU
	EndGlobalSection
	GlobalSection(ProjectConfigurationPlatforms) = postSolution
		{849A013F-23C0-42F7-8A2D-7188C8C0FA1B}.Debug|Any CPU.ActiveCfg = Debug|Any CPU
		{849A013F-23C0-42F7-8A2D-7188C8C0FA1B}.Debug|Any CPU.Build.0 = Debug|Any CPU
		{849A013F-23C0-42F7-8A2D-7188C8C0FA1B}.Release|Any CPU.ActiveCfg = Release|Any CPU
		{849A013F-23C0-42F7-8A2D-7188C8C0FA1B}.Release|Any CPU.Build.0 = Release|Any CPU
	EndGlobalSection
	GlobalSection(SolutionProperties) = preSolution
		HideSolutionNode = FALSE
	EndGlobalSection
	GlobalSection(ExtensibilityGlobals) = postSolution
		SolutionGuid = {104D635E-A416-4CF2-9A76-9B95293E6A92}
	EndGlobalSection
EndGlobal
